Microsoft Visual Studio Solution File, Format Version 12.00
# Visual Studio Version 17
VisualStudioVersion = 17.5.2.0
MinimumVisualStudioVersion = 10.0.40219.1
Project("{FAE04EC0-301F-11D3-BF4B-00C04F79EFBC}") = "Pumpt", "Pumpt.csproj", "{8F0E597B-1C1A-002C-6E78-407C6930F241}"
EndProject
Global
	GlobalSection(SolutionConfigurationPlatforms) = preSolution
		Debug|Any CPU = Debug|Any CPU
		Release|Any CPU = Release|Any CPU
	EndGlobalSection
	GlobalSection(ProjectConfigurationPlatforms) = postSolution
		{8F0E597B-1C1A-002C-6E78-407C6930F241}.Debug|Any CPU.ActiveCfg = Debug|Any CPU
		{8F0E597B-1C1A-002C-6E78-407C6930F241}.Debug|Any CPU.Build.0 = Debug|Any CPU
		{8F0E597B-1C1A-002C-6E78-407C6930F241}.Release|Any CPU.ActiveCfg = Release|Any CPU
		{8F0E597B-1C1A-002C-6E78-407C6930F241}.Release|Any CPU.Build.0 = Release|Any CPU
	EndGlobalSection
	GlobalSection(SolutionProperties) = preSolution
		HideSolutionNode = FALSE
	EndGlobalSection
	GlobalSection(ExtensibilityGlobals) = postSolution
		SolutionGuid = {A4B8A775-7DE7-44A4-9DD0-6B69AD9BEAEA}
	EndGlobalSection
EndGlobal
